// !$*UTF8*$!
{
	archiveVersion = 1;
	classes = {
	};
	objectVersion = 56;
	objects = {

/* Begin PBXBuildFile section */
		5558E7B12A5570530049431E /* DoFApp.swift in Sources */ = {isa = PBXBuildFile; fileRef = 5558E7B02A5570530049431E /* DoFApp.swift */; };
		5558E7B32A5570530049431E /* HyperfocalView.swift in Sources */ = {isa = PBXBuildFile; fileRef = 5558E7B22A5570530049431E /* HyperfocalView.swift */; };
		5558E7B52A5570540049431E /* Assets.xcassets in Resources */ = {isa = PBXBuildFile; fileRef = 5558E7B42A5570540049431E /* Assets.xcassets */; };
		5558E7B82A5570540049431E /* Preview Assets.xcassets in Resources */ = {isa = PBXBuildFile; fileRef = 5558E7B72A5570540049431E /* Preview Assets.xcassets */; };
		5558E7C22A5570540049431E /* DoFTests.swift in Sources */ = {isa = PBXBuildFile; fileRef = 5558E7C12A5570540049431E /* DoFTests.swift */; };
		5558E7CC2A5570540049431E /* DoFUITests.swift in Sources */ = {isa = PBXBuildFile; fileRef = 5558E7CB2A5570540049431E /* DoFUITests.swift */; };
		5558E7CE2A5570540049431E /* DoFUITestsLaunchTests.swift in Sources */ = {isa = PBXBuildFile; fileRef = 5558E7CD2A5570540049431E /* DoFUITestsLaunchTests.swift */; };
		556EF49D2A55B4B8006A345C /* View.swift in Sources */ = {isa = PBXBuildFile; fileRef = 556EF49C2A55B4B8006A345C /* View.swift */; };
		556EF4A02A55B5C7006A345C /* Bundle+displayName.swift in Sources */ = {isa = PBXBuildFile; fileRef = 556EF49F2A55B5C7006A345C /* Bundle+displayName.swift */; };
		556EF4A22A55B602006A345C /* Binding+convert.swift in Sources */ = {isa = PBXBuildFile; fileRef = 556EF4A12A55B602006A345C /* Binding+convert.swift */; };
		556EF4A62A55BBAC006A345C /* State.swift in Sources */ = {isa = PBXBuildFile; fileRef = 556EF4A52A55BBAC006A345C /* State.swift */; };
		556EF4A92A55C882006A345C /* StarruleView.swift in Sources */ = {isa = PBXBuildFile; fileRef = 556EF4A82A55C882006A345C /* StarruleView.swift */; };
		556EF4AC2A55CE36006A345C /* SensorType.swift in Sources */ = {isa = PBXBuildFile; fileRef = 556EF4AB2A55CE36006A345C /* SensorType.swift */; };
		556EF4AE2A55CEE1006A345C /* StarruleState.swift in Sources */ = {isa = PBXBuildFile; fileRef = 556EF4AD2A55CEE1006A345C /* StarruleState.swift */; };
		55A81B5A2A55726300CB79BE /* HyperfocalState.swift in Sources */ = {isa = PBXBuildFile; fileRef = 55A81B592A55726300CB79BE /* HyperfocalState.swift */; };
/* End PBXBuildFile section */

/* Begin PBXContainerItemProxy section */
		5558E7BE2A5570540049431E /* PBXContainerItemProxy */ = {
			isa = PBXContainerItemProxy;
			containerPortal = 5558E7A52A5570530049431E /* Project object */;
			proxyType = 1;
			remoteGlobalIDString = 5558E7AC2A5570530049431E;
			remoteInfo = DoF;
		};
		5558E7C82A5570540049431E /* PBXContainerItemProxy */ = {
			isa = PBXContainerItemProxy;
			containerPortal = 5558E7A52A5570530049431E /* Project object */;
			proxyType = 1;
			remoteGlobalIDString = 5558E7AC2A5570530049431E;
			remoteInfo = DoF;
		};
/* End PBXContainerItemProxy section */

/* Begin PBXFileReference section */
		5558E7AD2A5570530049431E /* DoF.app */ = {isa = PBXFileReference; explicitFileType = wrapper.application; includeInIndex = 0; path = DoF.app; sourceTree = BUILT_PRODUCTS_DIR; };
		5558E7B02A5570530049431E /* DoFApp.swift */ = {isa = PBXFileReference; lastKnownFileType = sourcecode.swift; path = DoFApp.swift; sourceTree = "<group>"; };
		5558E7B22A5570530049431E /* HyperfocalView.swift */ = {isa = PBXFileReference; lastKnownFileType = sourcecode.swift; path = HyperfocalView.swift; sourceTree = "<group>"; };
		5558E7B42A5570540049431E /* Assets.xcassets */ = {isa = PBXFileReference; lastKnownFileType = folder.assetcatalog; path = Assets.xcassets; sourceTree = "<group>"; };
		5558E7B72A5570540049431E /* Preview Assets.xcassets */ = {isa = PBXFileReference; lastKnownFileType = folder.assetcatalog; path = "Preview Assets.xcassets"; sourceTree = "<group>"; };
		5558E7BD2A5570540049431E /* DoFTests.xctest */ = {isa = PBXFileReference; explicitFileType = wrapper.cfbundle; includeInIndex = 0; path = DoFTests.xctest; sourceTree = BUILT_PRODUCTS_DIR; };
		5558E7C12A5570540049431E /* DoFTests.swift */ = {isa = PBXFileReference; lastKnownFileType = sourcecode.swift; path = DoFTests.swift; sourceTree = "<group>"; };
		5558E7C72A5570540049431E /* DoFUITests.xctest */ = {isa = PBXFileReference; explicitFileType = wrapper.cfbundle; includeInIndex = 0; path = DoFUITests.xctest; sourceTree = BUILT_PRODUCTS_DIR; };
		5558E7CB2A5570540049431E /* DoFUITests.swift */ = {isa = PBXFileReference; lastKnownFileType = sourcecode.swift; path = DoFUITests.swift; sourceTree = "<group>"; };
		5558E7CD2A5570540049431E /* DoFUITestsLaunchTests.swift */ = {isa = PBXFileReference; lastKnownFileType = sourcecode.swift; path = DoFUITestsLaunchTests.swift; sourceTree = "<group>"; };
		556EF49C2A55B4B8006A345C /* View.swift */ = {isa = PBXFileReference; lastKnownFileType = sourcecode.swift; path = View.swift; sourceTree = "<group>"; };
		556EF49F2A55B5C7006A345C /* Bundle+displayName.swift */ = {isa = PBXFileReference; lastKnownFileType = sourcecode.swift; path = "Bundle+displayName.swift"; sourceTree = "<group>"; };
		556EF4A12A55B602006A345C /* Binding+convert.swift */ = {isa = PBXFileReference; lastKnownFileType = sourcecode.swift; path = "Binding+convert.swift"; sourceTree = "<group>"; };
		556EF4A52A55BBAC006A345C /* State.swift */ = {isa = PBXFileReference; lastKnownFileType = sourcecode.swift; path = State.swift; sourceTree = "<group>"; };
		556EF4A82A55C882006A345C /* StarruleView.swift */ = {isa = PBXFileReference; lastKnownFileType = sourcecode.swift; path = StarruleView.swift; sourceTree = "<group>"; };
		556EF4AB2A55CE36006A345C /* SensorType.swift */ = {isa = PBXFileReference; lastKnownFileType = sourcecode.swift; path = SensorType.swift; sourceTree = "<group>"; };
		556EF4AD2A55CEE1006A345C /* StarruleState.swift */ = {isa = PBXFileReference; lastKnownFileType = sourcecode.swift; path = StarruleState.swift; sourceTree = "<group>"; };
		55A81B592A55726300CB79BE /* HyperfocalState.swift */ = {isa = PBXFileReference; lastKnownFileType = sourcecode.swift; path = HyperfocalState.swift; sourceTree = "<group>"; };
/* End PBXFileReference section */

/* Begin PBXFrameworksBuildPhase section */
		5558E7AA2A5570530049431E /* Frameworks */ = {
			isa = PBXFrameworksBuildPhase;
			buildActionMask = 2147483647;
			files = (
			);
			runOnlyForDeploymentPostprocessing = 0;
		};
		5558E7BA2A5570540049431E /* Frameworks */ = {
			isa = PBXFrameworksBuildPhase;
			buildActionMask = 2147483647;
			files = (
			);
			runOnlyForDeploymentPostprocessing = 0;
		};
		5558E7C42A5570540049431E /* Frameworks */ = {
			isa = PBXFrameworksBuildPhase;
			buildActionMask = 2147483647;
			files = (
			);
			runOnlyForDeploymentPostprocessing = 0;
		};
/* End PBXFrameworksBuildPhase section */

/* Begin PBXGroup section */
		5558E7A42A5570530049431E = {
			isa = PBXGroup;
			children = (
				5558E7AF2A5570530049431E /* DoF */,
				5558E7C02A5570540049431E /* DoFTests */,
				5558E7CA2A5570540049431E /* DoFUITests */,
				5558E7AE2A5570530049431E /* Products */,
			);
			sourceTree = "<group>";
		};
		5558E7AE2A5570530049431E /* Products */ = {
			isa = PBXGroup;
			children = (
				5558E7AD2A5570530049431E /* DoF.app */,
				5558E7BD2A5570540049431E /* DoFTests.xctest */,
				5558E7C72A5570540049431E /* DoFUITests.xctest */,
			);
			name = Products;
			sourceTree = "<group>";
		};
		5558E7AF2A5570530049431E /* DoF */ = {
			isa = PBXGroup;
			children = (
				556EF49E2A55B58D006A345C /* Extensions */,
				556EF49B2A55B4A9006A345C /* Calculators */,
				556EF49A2A55B49B006A345C /* Home */,
				5558E7B02A5570530049431E /* DoFApp.swift */,
				5558E7B42A5570540049431E /* Assets.xcassets */,
				5558E7B62A5570540049431E /* Preview Content */,
				556EF4AB2A55CE36006A345C /* SensorType.swift */,
			);
			path = DoF;
			sourceTree = "<group>";
		};
		5558E7B62A5570540049431E /* Preview Content */ = {
			isa = PBXGroup;
			children = (
				5558E7B72A5570540049431E /* Preview Assets.xcassets */,
			);
			path = "Preview Content";
			sourceTree = "<group>";
		};
		5558E7C02A5570540049431E /* DoFTests */ = {
			isa = PBXGroup;
			children = (
				5558E7C12A5570540049431E /* DoFTests.swift */,
			);
			path = DoFTests;
			sourceTree = "<group>";
		};
		5558E7CA2A5570540049431E /* DoFUITests */ = {
			isa = PBXGroup;
			children = (
				5558E7CB2A5570540049431E /* DoFUITests.swift */,
				5558E7CD2A5570540049431E /* DoFUITestsLaunchTests.swift */,
			);
			path = DoFUITests;
			sourceTree = "<group>";
		};
		556EF4972A55B448006A345C /* Hyperfocal */ = {
			isa = PBXGroup;
			children = (
				5558E7B22A5570530049431E /* HyperfocalView.swift */,
				55A81B592A55726300CB79BE /* HyperfocalState.swift */,
			);
			path = Hyperfocal;
			sourceTree = "<group>";
		};
		556EF49A2A55B49B006A345C /* Home */ = {
			isa = PBXGroup;
			children = (
				556EF49C2A55B4B8006A345C /* View.swift */,
				556EF4A52A55BBAC006A345C /* State.swift */,
			);
			path = Home;
			sourceTree = "<group>";
		};
		556EF49B2A55B4A9006A345C /* Calculators */ = {
			isa = PBXGroup;
			children = (
				556EF4A72A55C873006A345C /* Starrule */,
				556EF4972A55B448006A345C /* Hyperfocal */,
			);
			path = Calculators;
			sourceTree = "<group>";
		};
		556EF49E2A55B58D006A345C /* Extensions */ = {
			isa = PBXGroup;
			children = (
				556EF49F2A55B5C7006A345C /* Bundle+displayName.swift */,
				556EF4A12A55B602006A345C /* Binding+convert.swift */,
			);
			path = Extensions;
			sourceTree = "<group>";
		};
		556EF4A72A55C873006A345C /* Starrule */ = {
			isa = PBXGroup;
			children = (
				556EF4A82A55C882006A345C /* StarruleView.swift */,
				556EF4AD2A55CEE1006A345C /* StarruleState.swift */,
			);
			path = Starrule;
			sourceTree = "<group>";
		};
/* End PBXGroup section */

/* Begin PBXNativeTarget section */
		5558E7AC2A5570530049431E /* DoF */ = {
			isa = PBXNativeTarget;
			buildConfigurationList = 5558E7D12A5570540049431E /* Build configuration list for PBXNativeTarget "DoF" */;
			buildPhases = (
				5558E7A92A5570530049431E /* Sources */,
				5558E7AA2A5570530049431E /* Frameworks */,
				5558E7AB2A5570530049431E /* Resources */,
			);
			buildRules = (
			);
			dependencies = (
			);
			name = DoF;
			productName = DoF;
			productReference = 5558E7AD2A5570530049431E /* DoF.app */;
			productType = "com.apple.product-type.application";
		};
		5558E7BC2A5570540049431E /* DoFTests */ = {
			isa = PBXNativeTarget;
			buildConfigurationList = 5558E7D42A5570540049431E /* Build configuration list for PBXNativeTarget "DoFTests" */;
			buildPhases = (
				5558E7B92A5570540049431E /* Sources */,
				5558E7BA2A5570540049431E /* Frameworks */,
				5558E7BB2A5570540049431E /* Resources */,
			);
			buildRules = (
			);
			dependencies = (
				5558E7BF2A5570540049431E /* PBXTargetDependency */,
			);
			name = DoFTests;
			productName = DoFTests;
			productReference = 5558E7BD2A5570540049431E /* DoFTests.xctest */;
			productType = "com.apple.product-type.bundle.unit-test";
		};
		5558E7C62A5570540049431E /* DoFUITests */ = {
			isa = PBXNativeTarget;
			buildConfigurationList = 5558E7D72A5570540049431E /* Build configuration list for PBXNativeTarget "DoFUITests" */;
			buildPhases = (
				5558E7C32A5570540049431E /* Sources */,
				5558E7C42A5570540049431E /* Frameworks */,
				5558E7C52A5570540049431E /* Resources */,
			);
			buildRules = (
			);
			dependencies = (
				5558E7C92A5570540049431E /* PBXTargetDependency */,
			);
			name = DoFUITests;
			productName = DoFUITests;
			productReference = 5558E7C72A5570540049431E /* DoFUITests.xctest */;
			productType = "com.apple.product-type.bundle.ui-testing";
		};
/* End PBXNativeTarget section */

/* Begin PBXProject section */
		5558E7A52A5570530049431E /* Project object */ = {
			isa = PBXProject;
			attributes = {
				BuildIndependentTargetsInParallel = 1;
				LastSwiftUpdateCheck = 1500;
				LastUpgradeCheck = 1500;
				TargetAttributes = {
					5558E7AC2A5570530049431E = {
						CreatedOnToolsVersion = 15.0;
					};
					5558E7BC2A5570540049431E = {
						CreatedOnToolsVersion = 15.0;
						TestTargetID = 5558E7AC2A5570530049431E;
					};
					5558E7C62A5570540049431E = {
						CreatedOnToolsVersion = 15.0;
						TestTargetID = 5558E7AC2A5570530049431E;
					};
				};
			};
			buildConfigurationList = 5558E7A82A5570530049431E /* Build configuration list for PBXProject "DoF" */;
			compatibilityVersion = "Xcode 14.0";
			developmentRegion = en;
			hasScannedForEncodings = 0;
			knownRegions = (
				en,
				Base,
			);
			mainGroup = 5558E7A42A5570530049431E;
			productRefGroup = 5558E7AE2A5570530049431E /* Products */;
			projectDirPath = "";
			projectRoot = "";
			targets = (
				5558E7AC2A5570530049431E /* DoF */,
				5558E7BC2A5570540049431E /* DoFTests */,
				5558E7C62A5570540049431E /* DoFUITests */,
			);
		};
/* End PBXProject section */

/* Begin PBXResourcesBuildPhase section */
		5558E7AB2A5570530049431E /* Resources */ = {
			isa = PBXResourcesBuildPhase;
			buildActionMask = 2147483647;
			files = (
				5558E7B82A5570540049431E /* Preview Assets.xcassets in Resources */,
				5558E7B52A5570540049431E /* Assets.xcassets in Resources */,
			);
			runOnlyForDeploymentPostprocessing = 0;
		};
		5558E7BB2A5570540049431E /* Resources */ = {
			isa = PBXResourcesBuildPhase;
			buildActionMask = 2147483647;
			files = (
			);
			runOnlyForDeploymentPostprocessing = 0;
		};
		5558E7C52A5570540049431E /* Resources */ = {
			isa = PBXResourcesBuildPhase;
			buildActionMask = 2147483647;
			files = (
			);
			runOnlyForDeploymentPostprocessing = 0;
		};
/* End PBXResourcesBuildPhase section */

/* Begin PBXSourcesBuildPhase section */
		5558E7A92A5570530049431E /* Sources */ = {
			isa = PBXSourcesBuildPhase;
			buildActionMask = 2147483647;
			files = (
				5558E7B32A5570530049431E /* HyperfocalView.swift in Sources */,
				55A81B5A2A55726300CB79BE /* HyperfocalState.swift in Sources */,
				556EF4A92A55C882006A345C /* StarruleView.swift in Sources */,
				556EF49D2A55B4B8006A345C /* View.swift in Sources */,
				5558E7B12A5570530049431E /* DoFApp.swift in Sources */,
				556EF4A02A55B5C7006A345C /* Bundle+displayName.swift in Sources */,
				556EF4AE2A55CEE1006A345C /* StarruleState.swift in Sources */,
				556EF4AC2A55CE36006A345C /* SensorType.swift in Sources */,
				556EF4A22A55B602006A345C /* Binding+convert.swift in Sources */,
				556EF4A62A55BBAC006A345C /* State.swift in Sources */,
			);
			runOnlyForDeploymentPostprocessing = 0;
		};
		5558E7B92A5570540049431E /* Sources */ = {
			isa = PBXSourcesBuildPhase;
			buildActionMask = 2147483647;
			files = (
				5558E7C22A5570540049431E /* DoFTests.swift in Sources */,
			);
			runOnlyForDeploymentPostprocessing = 0;
		};
		5558E7C32A5570540049431E /* Sources */ = {
			isa = PBXSourcesBuildPhase;
			buildActionMask = 2147483647;
			files = (
				5558E7CE2A5570540049431E /* DoFUITestsLaunchTests.swift in Sources */,
				5558E7CC2A5570540049431E /* DoFUITests.swift in Sources */,
			);
			runOnlyForDeploymentPostprocessing = 0;
		};
/* End PBXSourcesBuildPhase section */

/* Begin PBXTargetDependency section */
		5558E7BF2A5570540049431E /* PBXTargetDependency */ = {
			isa = PBXTargetDependency;
			target = 5558E7AC2A5570530049431E /* DoF */;
			targetProxy = 5558E7BE2A5570540049431E /* PBXContainerItemProxy */;
		};
		5558E7C92A5570540049431E /* PBXTargetDependency */ = {
			isa = PBXTargetDependency;
			target = 5558E7AC2A5570530049431E /* DoF */;
			targetProxy = 5558E7C82A5570540049431E /* PBXContainerItemProxy */;
		};
/* End PBXTargetDependency section */

/* Begin XCBuildConfiguration section */
		5558E7CF2A5570540049431E /* Debug */ = {
			isa = XCBuildConfiguration;
			buildSettings = {
				ALWAYS_SEARCH_USER_PATHS = NO;
				ASSETCATALOG_COMPILER_GENERATE_SWIFT_ASSET_SYMBOL_EXTENSIONS = YES;
				CLANG_ANALYZER_NONNULL = YES;
				CLANG_ANALYZER_NUMBER_OBJECT_CONVERSION = YES_AGGRESSIVE;
				CLANG_CXX_LANGUAGE_STANDARD = "gnu++20";
				CLANG_ENABLE_MODULES = YES;
				CLANG_ENABLE_OBJC_ARC = YES;
				CLANG_ENABLE_OBJC_WEAK = YES;
				CLANG_WARN_BLOCK_CAPTURE_AUTORELEASING = YES;
				CLANG_WARN_BOOL_CONVERSION = YES;
				CLANG_WARN_COMMA = YES;
				CLANG_WARN_CONSTANT_CONVERSION = YES;
				CLANG_WARN_DEPRECATED_OBJC_IMPLEMENTATIONS = YES;
				CLANG_WARN_DIRECT_OBJC_ISA_USAGE = YES_ERROR;
				CLANG_WARN_DOCUMENTATION_COMMENTS = YES;
				CLANG_WARN_EMPTY_BODY = YES;
				CLANG_WARN_ENUM_CONVERSION = YES;
				CLANG_WARN_INFINITE_RECURSION = YES;
				CLANG_WARN_INT_CONVERSION = YES;
				CLANG_WARN_NON_LITERAL_NULL_CONVERSION = YES;
				CLANG_WARN_OBJC_IMPLICIT_RETAIN_SELF = YES;
				CLANG_WARN_OBJC_LITERAL_CONVERSION = YES;
				CLANG_WARN_OBJC_ROOT_CLASS = YES_ERROR;
				CLANG_WARN_QUOTED_INCLUDE_IN_FRAMEWORK_HEADER = YES;
				CLANG_WARN_RANGE_LOOP_ANALYSIS = YES;
				CLANG_WARN_STRICT_PROTOTYPES = YES;
				CLANG_WARN_SUSPICIOUS_MOVE = YES;
				CLANG_WARN_UNGUARDED_AVAILABILITY = YES_AGGRESSIVE;
				CLANG_WARN_UNREACHABLE_CODE = YES;
				CLANG_WARN__DUPLICATE_METHOD_MATCH = YES;
				COPY_PHASE_STRIP = NO;
				DEBUG_INFORMATION_FORMAT = dwarf;
				ENABLE_STRICT_OBJC_MSGSEND = YES;
				ENABLE_TESTABILITY = YES;
				ENABLE_USER_SCRIPT_SANDBOXING = YES;
				GCC_C_LANGUAGE_STANDARD = gnu17;
				GCC_DYNAMIC_NO_PIC = NO;
				GCC_NO_COMMON_BLOCKS = YES;
				GCC_OPTIMIZATION_LEVEL = 0;
				GCC_PREPROCESSOR_DEFINITIONS = (
					"DEBUG=1",
					"$(inherited)",
				);
				GCC_WARN_64_TO_32_BIT_CONVERSION = YES;
				GCC_WARN_ABOUT_RETURN_TYPE = YES_ERROR;
				GCC_WARN_UNDECLARED_SELECTOR = YES;
				GCC_WARN_UNINITIALIZED_AUTOS = YES_AGGRESSIVE;
				GCC_WARN_UNUSED_FUNCTION = YES;
				GCC_WARN_UNUSED_VARIABLE = YES;
				IPHONEOS_DEPLOYMENT_TARGET = 13.3;
				LOCALIZATION_PREFERS_STRING_CATALOGS = YES;
				MTL_ENABLE_DEBUG_INFO = INCLUDE_SOURCE;
				MTL_FAST_MATH = YES;
				ONLY_ACTIVE_ARCH = YES;
				SDKROOT = iphoneos;
				SWIFT_ACTIVE_COMPILATION_CONDITIONS = "DEBUG $(inherited)";
				SWIFT_OPTIMIZATION_LEVEL = "-Onone";
			};
			name = Debug;
		};
		5558E7D02A5570540049431E /* Release */ = {
			isa = XCBuildConfiguration;
			buildSettings = {
				ALWAYS_SEARCH_USER_PATHS = NO;
				ASSETCATALOG_COMPILER_GENERATE_SWIFT_ASSET_SYMBOL_EXTENSIONS = YES;
				CLANG_ANALYZER_NONNULL = YES;
				CLANG_ANALYZER_NUMBER_OBJECT_CONVERSION = YES_AGGRESSIVE;
				CLANG_CXX_LANGUAGE_STANDARD = "gnu++20";
				CLANG_ENABLE_MODULES = YES;
				CLANG_ENABLE_OBJC_ARC = YES;
				CLANG_ENABLE_OBJC_WEAK = YES;
				CLANG_WARN_BLOCK_CAPTURE_AUTORELEASING = YES;
				CLANG_WARN_BOOL_CONVERSION = YES;
				CLANG_WARN_COMMA = YES;
				CLANG_WARN_CONSTANT_CONVERSION = YES;
				CLANG_WARN_DEPRECATED_OBJC_IMPLEMENTATIONS = YES;
				CLANG_WARN_DIRECT_OBJC_ISA_USAGE = YES_ERROR;
				CLANG_WARN_DOCUMENTATION_COMMENTS = YES;
				CLANG_WARN_EMPTY_BODY = YES;
				CLANG_WARN_ENUM_CONVERSION = YES;
				CLANG_WARN_INFINITE_RECURSION = YES;
				CLANG_WARN_INT_CONVERSION = YES;
				CLANG_WARN_NON_LITERAL_NULL_CONVERSION = YES;
				CLANG_WARN_OBJC_IMPLICIT_RETAIN_SELF = YES;
				CLANG_WARN_OBJC_LITERAL_CONVERSION = YES;
				CLANG_WARN_OBJC_ROOT_CLASS = YES_ERROR;
				CLANG_WARN_QUOTED_INCLUDE_IN_FRAMEWORK_HEADER = YES;
				CLANG_WARN_RANGE_LOOP_ANALYSIS = YES;
				CLANG_WARN_STRICT_PROTOTYPES = YES;
				CLANG_WARN_SUSPICIOUS_MOVE = YES;
				CLANG_WARN_UNGUARDED_AVAILABILITY = YES_AGGRESSIVE;
				CLANG_WARN_UNREACHABLE_CODE = YES;
				CLANG_WARN__DUPLICATE_METHOD_MATCH = YES;
				COPY_PHASE_STRIP = NO;
				DEBUG_INFORMATION_FORMAT = "dwarf-with-dsym";
				ENABLE_NS_ASSERTIONS = NO;
				ENABLE_STRICT_OBJC_MSGSEND = YES;
				ENABLE_USER_SCRIPT_SANDBOXING = YES;
				GCC_C_LANGUAGE_STANDARD = gnu17;
				GCC_NO_COMMON_BLOCKS = YES;
				GCC_WARN_64_TO_32_BIT_CONVERSION = YES;
				GCC_WARN_ABOUT_RETURN_TYPE = YES_ERROR;
				GCC_WARN_UNDECLARED_SELECTOR = YES;
				GCC_WARN_UNINITIALIZED_AUTOS = YES_AGGRESSIVE;
				GCC_WARN_UNUSED_FUNCTION = YES;
				GCC_WARN_UNUSED_VARIABLE = YES;
				IPHONEOS_DEPLOYMENT_TARGET = 13.3;
				LOCALIZATION_PREFERS_STRING_CATALOGS = YES;
				MTL_ENABLE_DEBUG_INFO = NO;
				MTL_FAST_MATH = YES;
				SDKROOT = iphoneos;
				SWIFT_COMPILATION_MODE = wholemodule;
				VALIDATE_PRODUCT = YES;
			};
			name = Release;
		};
		5558E7D22A5570540049431E /* Debug */ = {
			isa = XCBuildConfiguration;
			buildSettings = {
				ASSETCATALOG_COMPILER_APPICON_NAME = AppIcon;
				ASSETCATALOG_COMPILER_GLOBAL_ACCENT_COLOR_NAME = AccentColor;
				CODE_SIGN_STYLE = Automatic;
				CURRENT_PROJECT_VERSION = 1;
				DEVELOPMENT_ASSET_PATHS = "\"DoF/Preview Content\"";
				DEVELOPMENT_TEAM = B2VB6XBSPA;
				ENABLE_PREVIEWS = YES;
				GENERATE_INFOPLIST_FILE = YES;
				INFOPLIST_KEY_CFBundleDisplayName = Hyperfocal;
				INFOPLIST_KEY_UIApplicationSceneManifest_Generation = YES;
				INFOPLIST_KEY_UIApplicationSupportsIndirectInputEvents = YES;
				INFOPLIST_KEY_UILaunchScreen_Generation = YES;
				INFOPLIST_KEY_UISupportedInterfaceOrientations_iPad = "UIInterfaceOrientationPortrait UIInterfaceOrientationPortraitUpsideDown UIInterfaceOrientationLandscapeLeft UIInterfaceOrientationLandscapeRight";
				INFOPLIST_KEY_UISupportedInterfaceOrientations_iPhone = "UIInterfaceOrientationPortrait UIInterfaceOrientationLandscapeLeft UIInterfaceOrientationLandscapeRight";
				IPHONEOS_DEPLOYMENT_TARGET = 17.0;
				"IPHONEOS_DEPLOYMENT_TARGET[sdk=iphoneos*]" = 16.0;
				LD_RUNPATH_SEARCH_PATHS = (
					"$(inherited)",
					"@executable_path/Frameworks",
				);
				MARKETING_VERSION = 1.0;
				PRODUCT_BUNDLE_IDENTIFIER = it.eliseomartelli.DoF;
				PRODUCT_NAME = "$(TARGET_NAME)";
				SUPPORTED_PLATFORMS = "iphoneos iphonesimulator";
				SUPPORTS_MACCATALYST = NO;
				SUPPORTS_MAC_DESIGNED_FOR_IPHONE_IPAD = NO;
				SUPPORTS_XR_DESIGNED_FOR_IPHONE_IPAD = NO;
				SWIFT_EMIT_LOC_STRINGS = YES;
				SWIFT_VERSION = 5.0;
				TARGETED_DEVICE_FAMILY = 1;
			};
			name = Debug;
		};
		5558E7D32A5570540049431E /* Release */ = {
			isa = XCBuildConfiguration;
			buildSettings = {
				ASSETCATALOG_COMPILER_APPICON_NAME = AppIcon;
				ASSETCATALOG_COMPILER_GLOBAL_ACCENT_COLOR_NAME = AccentColor;
				CODE_SIGN_STYLE = Automatic;
				CURRENT_PROJECT_VERSION = 1;
				DEVELOPMENT_ASSET_PATHS = "\"DoF/Preview Content\"";
				DEVELOPMENT_TEAM = B2VB6XBSPA;
				ENABLE_PREVIEWS = YES;
				GENERATE_INFOPLIST_FILE = YES;
				INFOPLIST_KEY_CFBundleDisplayName = Hyperfocal;
				INFOPLIST_KEY_UIApplicationSceneManifest_Generation = YES;
				INFOPLIST_KEY_UIApplicationSupportsIndirectInputEvents = YES;
				INFOPLIST_KEY_UILaunchScreen_Generation = YES;
				INFOPLIST_KEY_UISupportedInterfaceOrientations_iPad = "UIInterfaceOrientationPortrait UIInterfaceOrientationPortraitUpsideDown UIInterfaceOrientationLandscapeLeft UIInterfaceOrientationLandscapeRight";
				INFOPLIST_KEY_UISupportedInterfaceOrientations_iPhone = "UIInterfaceOrientationPortrait UIInterfaceOrientationLandscapeLeft UIInterfaceOrientationLandscapeRight";
				IPHONEOS_DEPLOYMENT_TARGET = 16.0;
				"IPHONEOS_DEPLOYMENT_TARGET[sdk=iphoneos*]" = 17.0;
				LD_RUNPATH_SEARCH_PATHS = (
					"$(inherited)",
					"@executable_path/Frameworks",
				);
				MARKETING_VERSION = 1.0;
				PRODUCT_BUNDLE_IDENTIFIER = it.eliseomartelli.DoF;
				PRODUCT_NAME = "$(TARGET_NAME)";
				SUPPORTED_PLATFORMS = "iphoneos iphonesimulator";
				SUPPORTS_MACCATALYST = NO;
				SUPPORTS_MAC_DESIGNED_FOR_IPHONE_IPAD = NO;
				SUPPORTS_XR_DESIGNED_FOR_IPHONE_IPAD = NO;
				SWIFT_EMIT_LOC_STRINGS = YES;
				SWIFT_VERSION = 5.0;
				TARGETED_DEVICE_FAMILY = 1;
			};
			name = Release;
		};
		5558E7D52A5570540049431E /* Debug */ = {
			isa = XCBuildConfiguration;
			buildSettings = {
				ALWAYS_EMBED_SWIFT_STANDARD_LIBRARIES = YES;
				BUNDLE_LOADER = "$(TEST_HOST)";
				CODE_SIGN_STYLE = Automatic;
				CURRENT_PROJECT_VERSION = 1;
				DEVELOPMENT_TEAM = B2VB6XBSPA;
				GENERATE_INFOPLIST_FILE = YES;
				IPHONEOS_DEPLOYMENT_TARGET = 17.0;
				MARKETING_VERSION = 1.0;
				PRODUCT_BUNDLE_IDENTIFIER = it.eliseomartelli.DoFTests;
				PRODUCT_NAME = "$(TARGET_NAME)";
				SWIFT_EMIT_LOC_STRINGS = NO;
				SWIFT_VERSION = 5.0;
				TARGETED_DEVICE_FAMILY = "1,2";
				TEST_HOST = "$(BUILT_PRODUCTS_DIR)/DoF.app/$(BUNDLE_EXECUTABLE_FOLDER_PATH)/DoF";
			};
			name = Debug;
		};
		5558E7D62A5570540049431E /* Release */ = {
			isa = XCBuildConfiguration;
			buildSettings = {
				ALWAYS_EMBED_SWIFT_STANDARD_LIBRARIES = YES;
				BUNDLE_LOADER = "$(TEST_HOST)";
				CODE_SIGN_STYLE = Automatic;
				CURRENT_PROJECT_VERSION = 1;
				DEVELOPMENT_TEAM = B2VB6XBSPA;
				GENERATE_INFOPLIST_FILE = YES;
				IPHONEOS_DEPLOYMENT_TARGET = 17.0;
				MARKETING_VERSION = 1.0;
				PRODUCT_BUNDLE_IDENTIFIER = it.eliseomartelli.DoFTests;
				PRODUCT_NAME = "$(TARGET_NAME)";
				SWIFT_EMIT_LOC_STRINGS = NO;
				SWIFT_VERSION = 5.0;
				TARGETED_DEVICE_FAMILY = "1,2";
				TEST_HOST = "$(BUILT_PRODUCTS_DIR)/DoF.app/$(BUNDLE_EXECUTABLE_FOLDER_PATH)/DoF";
			};
			name = Release;
		};
		5558E7D82A5570540049431E /* Debug */ = {
			isa = XCBuildConfiguration;
			buildSettings = {
				ALWAYS_EMBED_SWIFT_STANDARD_LIBRARIES = YES;
				CODE_SIGN_STYLE = Automatic;
				CURRENT_PROJECT_VERSION = 1;
				DEVELOPMENT_TEAM = B2VB6XBSPA;
				GENERATE_INFOPLIST_FILE = YES;
				MARKETING_VERSION = 1.0;
				PRODUCT_BUNDLE_IDENTIFIER = it.eliseomartelli.DoFUITests;
				PRODUCT_NAME = "$(TARGET_NAME)";
				SWIFT_EMIT_LOC_STRINGS = NO;
				SWIFT_VERSION = 5.0;
				TARGETED_DEVICE_FAMILY = "1,2";
				TEST_TARGET_NAME = DoF;
			};
			name = Debug;
		};
		5558E7D92A5570540049431E /* Release */ = {
			isa = XCBuildConfiguration;
			buildSettings = {
				ALWAYS_EMBED_SWIFT_STANDARD_LIBRARIES = YES;
				CODE_SIGN_STYLE = Automatic;
				CURRENT_PROJECT_VERSION = 1;
				DEVELOPMENT_TEAM = B2VB6XBSPA;
				GENERATE_INFOPLIST_FILE = YES;
				MARKETING_VERSION = 1.0;
				PRODUCT_BUNDLE_IDENTIFIER = it.eliseomartelli.DoFUITests;
				PRODUCT_NAME = "$(TARGET_NAME)";
				SWIFT_EMIT_LOC_STRINGS = NO;
				SWIFT_VERSION = 5.0;
				TARGETED_DEVICE_FAMILY = "1,2";
				TEST_TARGET_NAME = DoF;
			};
			name = Release;
		};
/* End XCBuildConfiguration section */

/* Begin XCConfigurationList section */
		5558E7A82A5570530049431E /* Build configuration list for PBXProject "DoF" */ = {
			isa = XCConfigurationList;
			buildConfigurations = (
				5558E7CF2A5570540049431E /* Debug */,
				5558E7D02A5570540049431E /* Release */,
			);
			defaultConfigurationIsVisible = 0;
			defaultConfigurationName = Release;
		};
		5558E7D12A5570540049431E /* Build configuration list for PBXNativeTarget "DoF" */ = {
			isa = XCConfigurationList;
			buildConfigurations = (
				5558E7D22A5570540049431E /* Debug */,
				5558E7D32A5570540049431E /* Release */,
			);
			defaultConfigurationIsVisible = 0;
			defaultConfigurationName = Release;
		};
		5558E7D42A5570540049431E /* Build configuration list for PBXNativeTarget "DoFTests" */ = {
			isa = XCConfigurationList;
			buildConfigurations = (
				5558E7D52A5570540049431E /* Debug */,
				5558E7D62A5570540049431E /* Release */,
			);
			defaultConfigurationIsVisible = 0;
			defaultConfigurationName = Release;
		};
		5558E7D72A5570540049431E /* Build configuration list for PBXNativeTarget "DoFUITests" */ = {
			isa = XCConfigurationList;
			buildConfigurations = (
				5558E7D82A5570540049431E /* Debug */,
				5558E7D92A5570540049431E /* Release */,
			);
			defaultConfigurationIsVisible = 0;
			defaultConfigurationName = Release;
		};
/* End XCConfigurationList section */
	};
	rootObject = 5558E7A52A5570530049431E /* Project object */;
}
